
Microsoft Visual Studio Solution File, Format Version 12.00
# Visual Studio Version 16
VisualStudioVersion = 16.0.30804.86
MinimumVisualStudioVersion = 10.0.40219.1
Project("{FAE04EC0-301F-11D3-BF4B-00C04F79EFBC}") = "MovieProOfficial", "MovieProOfficial.csproj", "{FCC6CC88-15FC-45E7-B9DB-77924F7D641F}"
EndProject
Global
	GlobalSection(SolutionConfigurationPlatforms) = preSolution
		Debug|Any CPU = Debug|Any CPU
		Release|Any CPU = Release|Any CPU
	EndGlobalSection
	GlobalSection(ProjectConfigurationPlatforms) = postSolution
		{FCC6CC88-15FC-45E7-B9DB-77924F7D641F}.Debug|Any CPU.ActiveCfg = Debug|Any CPU
		{FCC6CC88-15FC-45E7-B9DB-77924F7D641F}.Debug|Any CPU.Build.0 = Debug|Any CPU
		{FCC6CC88-15FC-45E7-B9DB-77924F7D641F}.Release|Any CPU.ActiveCfg = Release|Any CPU
		{FCC6CC88-15FC-45E7-B9DB-77924F7D641F}.Release|Any CPU.Build.0 = Release|Any CPU
	EndGlobalSection
	GlobalSection(SolutionProperties) = preSolution
		HideSolutionNode = FALSE
	EndGlobalSection
	GlobalSection(ExtensibilityGlobals) = postSolution
		SolutionGuid = {B56EBE05-71F8-4B19-A170-852AE7916D5B}
	EndGlobalSection
EndGlobal
